
Microsoft Visual Studio Solution File, Format Version 12.00
# Visual Studio Version 16
VisualStudioVersion = 16.0.30717.126
MinimumVisualStudioVersion = 10.0.40219.1
Project("{9A19103F-16F7-4668-BE54-9A1E7A4F7556}") = "Backend", "Backend.csproj", "{16754EE0-E7F8-4113-BC0F-A481D3FB7143}"
EndProject
Global
	GlobalSection(SolutionConfigurationPlatforms) = preSolution
		Debug|Any CPU = Debug|Any CPU
		Release|Any CPU = Release|Any CPU
	EndGlobalSection
	GlobalSection(ProjectConfigurationPlatforms) = postSolution
		{16754EE0-E7F8-4113-BC0F-A481D3FB7143}.Debug|Any CPU.ActiveCfg = Debug|Any CPU
		{16754EE0-E7F8-4113-BC0F-A481D3FB7143}.Debug|Any CPU.Build.0 = Debug|Any CPU
		{16754EE0-E7F8-4113-BC0F-A481D3FB7143}.Release|Any CPU.ActiveCfg = Release|Any CPU
		{16754EE0-E7F8-4113-BC0F-A481D3FB7143}.Release|Any CPU.Build.0 = Release|Any CPU
	EndGlobalSection
	GlobalSection(SolutionProperties) = preSolution
		HideSolutionNode = FALSE
	EndGlobalSection
	GlobalSection(ExtensibilityGlobals) = postSolution
		SolutionGuid = {B2F92E76-35D2-47A2-B408-290C6CC9A56C}
	EndGlobalSection
EndGlobal
